{
  "version": 4,
  "terraform_version": "1.4.1",
  "serial": 5,
  "lineage": "615e4e5d-7bb3-35e0-f945-6398e46518aa",
  "outputs": {},
  "resources": [
    {
      "module": "module.app",
      "mode": "data",
      "type": "google_billing_account",
      "name": "acct",
      "provider": "module.app.provider[\"registry.terraform.io/hashicorp/google\"]",
      "instances": [
        {
          "schema_version": 0,
          "attributes": {
            "billing_account": null,
            "display_name": "My Billing Account",
            "id": "0160DE-F3F8AA-E33A02",
            "name": "billingAccounts/0160DE-F3F8AA-E33A02",
            "open": true,
            "project_ids": [
              "flcxsfefcywwtxgp",
              "fqsduniijgldqtbg",
              "mukytbzkkfdjxvlc",
              "soy-tower-380717",
              "vyxqpqnvgbfqxbhn"
            ]
          },
          "sensitive_attributes": []
        }
      ]
    },
    {
      "module": "module.app",
      "mode": "managed",
      "type": "google_project",
      "name": "fun-team-project-gcp",
      "provider": "module.app.provider[\"registry.terraform.io/hashicorp/google\"]",
      "instances": [
        {
          "status": "tainted",
          "schema_version": 1,
          "attributes": {
            "auto_create_network": true,
            "billing_account": "",
            "folder_id": null,
            "id": "projects/varrcnlnzvdmrbsd",
            "labels": null,
            "name": "fun-team-project-gcp",
            "number": null,
            "org_id": null,
            "project_id": "varrcnlnzvdmrbsd",
            "skip_delete": null,
            "timeouts": null
          },
          "sensitive_attributes": [
            [
              {
                "type": "get_attr",
                "value": "project_id"
              }
            ]
          ],
          "private": "eyJlMmJmYjczMC1lY2FhLTExZTYtOGY4OC0zNDM2M2JjN2M0YzAiOnsiY3JlYXRlIjo2MDAwMDAwMDAwMDAsImRlbGV0ZSI6NjAwMDAwMDAwMDAwLCJyZWFkIjo2MDAwMDAwMDAwMDAsInVwZGF0ZSI6NjAwMDAwMDAwMDAwfSwic2NoZW1hX3ZlcnNpb24iOiIxIn0=",
          "dependencies": [
            "module.app.data.google_billing_account.acct",
            "module.app.random_password.password"
          ]
        }
      ]
    },
    {
      "module": "module.app",
      "mode": "managed",
      "type": "null_resource",
      "name": "enable-apis",
      "provider": "provider[\"registry.terraform.io/hashicorp/null\"]",
      "instances": []
    },
    {
      "module": "module.app",
      "mode": "managed",
      "type": "null_resource",
      "name": "set-project",
      "provider": "provider[\"registry.terraform.io/hashicorp/null\"]",
      "instances": []
    },
    {
      "module": "module.app",
      "mode": "managed",
      "type": "null_resource",
      "name": "unset-project",
      "provider": "provider[\"registry.terraform.io/hashicorp/null\"]",
      "instances": [
        {
          "schema_version": 0,
          "attributes": {
            "id": "4844133592425296374",
            "triggers": null
          },
          "sensitive_attributes": []
        }
      ]
    },
    {
      "module": "module.app",
      "mode": "managed",
      "type": "random_password",
      "name": "password",
      "provider": "provider[\"registry.terraform.io/hashicorp/random\"]",
      "instances": [
        {
          "schema_version": 3,
          "attributes": {
            "bcrypt_hash": "$2a$10$ATCBsyQ7WrwrKEzsyic72.I7CABx9vSQznJRLd9u2AbZs2fjr2o3K",
            "id": "none",
            "keepers": null,
            "length": 16,
            "lower": true,
            "min_lower": 0,
            "min_numeric": 0,
            "min_special": 0,
            "min_upper": 0,
            "number": false,
            "numeric": false,
            "override_special": null,
            "result": "varrcnlnzvdmrbsd",
            "special": false,
            "upper": false
          },
          "sensitive_attributes": []
        }
      ]
    }
  ],
  "check_results": null
}
